
Microsoft Visual Studio Solution File, Format Version 12.00
# Visual Studio 15
VisualStudioVersion = 15.0.28307.271
MinimumVisualStudioVersion = 10.0.40219.1
Project("{FAE04EC0-301F-11D3-BF4B-00C04F79EFBC}") = "GraphConfiguration", "GraphConfiguration\GraphConfiguration.csproj", "{21A2BE30-47C0-4399-9DEF-30DC043E549E}"
EndProject
Global
	GlobalSection(SolutionConfigurationPlatforms) = preSolution
		Debug|Any CPU = Debug|Any CPU
		Release|Any CPU = Release|Any CPU
	EndGlobalSection
	GlobalSection(ProjectConfigurationPlatforms) = postSolution
		{21A2BE30-47C0-4399-9DEF-30DC043E549E}.Debug|Any CPU.ActiveCfg = Debug|Any CPU
		{21A2BE30-47C0-4399-9DEF-30DC043E549E}.Debug|Any CPU.Build.0 = Debug|Any CPU
		{21A2BE30-47C0-4399-9DEF-30DC043E549E}.Release|Any CPU.ActiveCfg = Release|Any CPU
		{21A2BE30-47C0-4399-9DEF-30DC043E549E}.Release|Any CPU.Build.0 = Release|Any CPU
	EndGlobalSection
	GlobalSection(SolutionProperties) = preSolution
		HideSolutionNode = FALSE
	EndGlobalSection
	GlobalSection(ExtensibilityGlobals) = postSolution
		SolutionGuid = {585C303F-B2DB-4B0F-BEA4-7B98584BD1E4}
	EndGlobalSection
EndGlobal
