
Microsoft Visual Studio Solution File, Format Version 12.00
# Visual Studio 15
VisualStudioVersion = 15.0.28307.271
MinimumVisualStudioVersion = 10.0.40219.1
Project("{FAE04EC0-301F-11D3-BF4B-00C04F79EFBC}") = "GraphConfigurationTest", "GraphConfigurationTest\GraphConfigurationTest.csproj", "{E25B0D96-41C1-428D-AA95-38BCFAAE929D}"
EndProject
Project("{FAE04EC0-301F-11D3-BF4B-00C04F79EFBC}") = "GraphConfiguration", "GraphConfiguration\GraphConfiguration.csproj", "{AE5A86A2-8F62-48E6-8496-43AF0BF65E84}"
EndProject
Project("{FAE04EC0-301F-11D3-BF4B-00C04F79EFBC}") = "GraphPlugin", "GraphPlugin\GraphPlugin.csproj", "{F4A8DC39-5FB3-4BC5-B303-FB2549847511}"
EndProject
Global
	GlobalSection(Performance) = preSolution
		HasPerformanceSessions = true
	EndGlobalSection
	GlobalSection(SolutionConfigurationPlatforms) = preSolution
		Debug|Any CPU = Debug|Any CPU
		Release|Any CPU = Release|Any CPU
	EndGlobalSection
	GlobalSection(ProjectConfigurationPlatforms) = postSolution
		{E25B0D96-41C1-428D-AA95-38BCFAAE929D}.Debug|Any CPU.ActiveCfg = Debug|Any CPU
		{E25B0D96-41C1-428D-AA95-38BCFAAE929D}.Debug|Any CPU.Build.0 = Debug|Any CPU
		{E25B0D96-41C1-428D-AA95-38BCFAAE929D}.Release|Any CPU.ActiveCfg = Release|Any CPU
		{E25B0D96-41C1-428D-AA95-38BCFAAE929D}.Release|Any CPU.Build.0 = Release|Any CPU
		{AE5A86A2-8F62-48E6-8496-43AF0BF65E84}.Debug|Any CPU.ActiveCfg = Debug|Any CPU
		{AE5A86A2-8F62-48E6-8496-43AF0BF65E84}.Debug|Any CPU.Build.0 = Debug|Any CPU
		{AE5A86A2-8F62-48E6-8496-43AF0BF65E84}.Release|Any CPU.ActiveCfg = Release|Any CPU
		{AE5A86A2-8F62-48E6-8496-43AF0BF65E84}.Release|Any CPU.Build.0 = Release|Any CPU
		{F4A8DC39-5FB3-4BC5-B303-FB2549847511}.Debug|Any CPU.ActiveCfg = Debug|Any CPU
		{F4A8DC39-5FB3-4BC5-B303-FB2549847511}.Debug|Any CPU.Build.0 = Debug|Any CPU
		{F4A8DC39-5FB3-4BC5-B303-FB2549847511}.Release|Any CPU.ActiveCfg = Release|Any CPU
		{F4A8DC39-5FB3-4BC5-B303-FB2549847511}.Release|Any CPU.Build.0 = Release|Any CPU
	EndGlobalSection
	GlobalSection(SolutionProperties) = preSolution
		HideSolutionNode = FALSE
	EndGlobalSection
	GlobalSection(ExtensibilityGlobals) = postSolution
		SolutionGuid = {585C303F-B2DB-4B0F-BEA4-7B98584BD1E4}
	EndGlobalSection
EndGlobal
